// !$*UTF8*$!
{
	archiveVersion = 1;
	classes = {
	};
	objectVersion = 56;
	objects = {

/* Begin PBXBuildFile section */
		223EABF32C14E3E3006DBB84 /* PromoCloudEventProvider.swift in Sources */ = {isa = PBXBuildFile; fileRef = 223EABF22C14E3E3006DBB84 /* PromoCloudEventProvider.swift */; };
		2257F6622BEB060D0058A2AE /* PromoNativeAdProvider.swift in Sources */ = {isa = PBXBuildFile; fileRef = 2257F6612BEB060D0058A2AE /* PromoNativeAdProvider.swift */; };
		2257F6642BEB0C790058A2AE /* PromoNativeAdContentView.swift in Sources */ = {isa = PBXBuildFile; fileRef = 2257F6632BEB0C790058A2AE /* PromoNativeAdContentView.swift */; };
		22642E932C85F81700F006F4 /* PromoFileManager.swift in Sources */ = {isa = PBXBuildFile; fileRef = 22642E922C85F80D00F006F4 /* PromoFileManager.swift */; };
		226B902F2C720AC00072FD1C /* PromoCache.swift in Sources */ = {isa = PBXBuildFile; fileRef = 226B902E2C720AC00072FD1C /* PromoCache.swift */; };
		229D212C2B67CE2600105C9D /* AppDelegate.swift in Sources */ = {isa = PBXBuildFile; fileRef = 229D212B2B67CE2600105C9D /* AppDelegate.swift */; };
		229D21302B67CE2600105C9D /* ViewController.swift in Sources */ = {isa = PBXBuildFile; fileRef = 229D212F2B67CE2600105C9D /* ViewController.swift */; };
		229D21332B67CE2600105C9D /* Main.storyboard in Resources */ = {isa = PBXBuildFile; fileRef = 229D21312B67CE2600105C9D /* Main.storyboard */; };
		229D21352B67CE2700105C9D /* Assets.xcassets in Resources */ = {isa = PBXBuildFile; fileRef = 229D21342B67CE2700105C9D /* Assets.xcassets */; };
		229D21382B67CE2700105C9D /* LaunchScreen.storyboard in Resources */ = {isa = PBXBuildFile; fileRef = 229D21362B67CE2700105C9D /* LaunchScreen.storyboard */; };
		229D21432B67CE2700105C9D /* PromoKitTests.swift in Sources */ = {isa = PBXBuildFile; fileRef = 229D21422B67CE2700105C9D /* PromoKitTests.swift */; };
		229D214D2B67CE2700105C9D /* PromoKitUITests.swift in Sources */ = {isa = PBXBuildFile; fileRef = 229D214C2B67CE2700105C9D /* PromoKitUITests.swift */; };
		229D214F2B67CE2700105C9D /* PromoKitUITestsLaunchTests.swift in Sources */ = {isa = PBXBuildFile; fileRef = 229D214E2B67CE2700105C9D /* PromoKitUITestsLaunchTests.swift */; };
		229D215D2B67D5FA00105C9D /* PromoView.swift in Sources */ = {isa = PBXBuildFile; fileRef = 229D215C2B67D5FA00105C9D /* PromoView.swift */; };
		229D215F2B67D6E100105C9D /* PromoKit.podspec in Resources */ = {isa = PBXBuildFile; fileRef = 229D215E2B67D6E100105C9D /* PromoKit.podspec */; };
		229D21A52B79E23500105C9D /* PromoProvider.swift in Sources */ = {isa = PBXBuildFile; fileRef = 229D21A42B79E23500105C9D /* PromoProvider.swift */; };
		229D21A72B79E24000105C9D /* PromoContentView.swift in Sources */ = {isa = PBXBuildFile; fileRef = 229D21A62B79E24000105C9D /* PromoContentView.swift */; };
		229D21AB2B7A0DCD00105C9D /* PromoAppRaterProvider.swift in Sources */ = {isa = PBXBuildFile; fileRef = 229D21AA2B7A0DCD00105C9D /* PromoAppRaterProvider.swift */; };
		229D21AE2B7A11DB00105C9D /* PromoTableListContentView.swift in Sources */ = {isa = PBXBuildFile; fileRef = 229D21AD2B7A11DB00105C9D /* PromoTableListContentView.swift */; };
		22A105AE2BBAC77900DB3A80 /* PromoPathMonitor.swift in Sources */ = {isa = PBXBuildFile; fileRef = 22A105AD2BBAC77900DB3A80 /* PromoPathMonitor.swift */; };
		22A105B12BBAE54C00DB3A80 /* PromoImageProcessing.swift in Sources */ = {isa = PBXBuildFile; fileRef = 22A105B02BBAE54C00DB3A80 /* PromoImageProcessing.swift */; };
		22B8DD332BAAAA3700C1F754 /* PromoNetworkTestProvider.swift in Sources */ = {isa = PBXBuildFile; fileRef = 22B8DD322BAAAA3700C1F754 /* PromoNetworkTestProvider.swift */; };
		22B8DD352BAE818B00C1F754 /* PromoContainerContentView.swift in Sources */ = {isa = PBXBuildFile; fileRef = 22B8DD342BAE818B00C1F754 /* PromoContainerContentView.swift */; };
		22BF57E92BD80C340001A444 /* GoogleMobileAds in Frameworks */ = {isa = PBXBuildFile; productRef = 22BF57E82BD80C340001A444 /* GoogleMobileAds */; };
		22BF57EB2BD9368D0001A444 /* PromoBannerAdProvider.swift in Sources */ = {isa = PBXBuildFile; fileRef = 22BF57EA2BD9368D0001A444 /* PromoBannerAdProvider.swift */; };
		22FD36172BA9DA7C0058B32A /* PromoProviderCoordinator.swift in Sources */ = {isa = PBXBuildFile; fileRef = 22FD36162BA9DA7C0058B32A /* PromoProviderCoordinator.swift */; };
/* End PBXBuildFile section */

/* Begin PBXContainerItemProxy section */
		229D213F2B67CE2700105C9D /* PBXContainerItemProxy */ = {
			isa = PBXContainerItemProxy;
			containerPortal = 229D21202B67CE2600105C9D /* Project object */;
			proxyType = 1;
			remoteGlobalIDString = 229D21272B67CE2600105C9D;
			remoteInfo = PromoKit;
		};
		229D21492B67CE2700105C9D /* PBXContainerItemProxy */ = {
			isa = PBXContainerItemProxy;
			containerPortal = 229D21202B67CE2600105C9D /* Project object */;
			proxyType = 1;
			remoteGlobalIDString = 229D21272B67CE2600105C9D;
			remoteInfo = PromoKit;
		};
/* End PBXContainerItemProxy section */

/* Begin PBXFileReference section */
		223EABF22C14E3E3006DBB84 /* PromoCloudEventProvider.swift */ = {isa = PBXFileReference; lastKnownFileType = sourcecode.swift; path = PromoCloudEventProvider.swift; sourceTree = "<group>"; };
		2257F6612BEB060D0058A2AE /* PromoNativeAdProvider.swift */ = {isa = PBXFileReference; fileEncoding = 4; lastKnownFileType = sourcecode.swift; path = PromoNativeAdProvider.swift; sourceTree = "<group>"; };
		2257F6632BEB0C790058A2AE /* PromoNativeAdContentView.swift */ = {isa = PBXFileReference; lastKnownFileType = sourcecode.swift; path = PromoNativeAdContentView.swift; sourceTree = "<group>"; };
		22642E922C85F80D00F006F4 /* PromoFileManager.swift */ = {isa = PBXFileReference; lastKnownFileType = sourcecode.swift; path = PromoFileManager.swift; sourceTree = "<group>"; };
		226B902E2C720AC00072FD1C /* PromoCache.swift */ = {isa = PBXFileReference; lastKnownFileType = sourcecode.swift; path = PromoCache.swift; sourceTree = "<group>"; };
		226EAA6F2C610B0C0039AE73 /* PromoKitExample.entitlements */ = {isa = PBXFileReference; lastKnownFileType = text.plist.entitlements; path = PromoKitExample.entitlements; sourceTree = "<group>"; };
		229D21282B67CE2600105C9D /* PromoKitExample.app */ = {isa = PBXFileReference; explicitFileType = wrapper.application; includeInIndex = 0; path = PromoKitExample.app; sourceTree = BUILT_PRODUCTS_DIR; };
		229D212B2B67CE2600105C9D /* AppDelegate.swift */ = {isa = PBXFileReference; lastKnownFileType = sourcecode.swift; path = AppDelegate.swift; sourceTree = "<group>"; };
		229D212F2B67CE2600105C9D /* ViewController.swift */ = {isa = PBXFileReference; lastKnownFileType = sourcecode.swift; path = ViewController.swift; sourceTree = "<group>"; };
		229D21322B67CE2600105C9D /* Base */ = {isa = PBXFileReference; lastKnownFileType = file.storyboard; name = Base; path = Base.lproj/Main.storyboard; sourceTree = "<group>"; };
		229D21342B67CE2700105C9D /* Assets.xcassets */ = {isa = PBXFileReference; lastKnownFileType = folder.assetcatalog; path = Assets.xcassets; sourceTree = "<group>"; };
		229D21372B67CE2700105C9D /* Base */ = {isa = PBXFileReference; lastKnownFileType = file.storyboard; name = Base; path = Base.lproj/LaunchScreen.storyboard; sourceTree = "<group>"; };
		229D21392B67CE2700105C9D /* Info.plist */ = {isa = PBXFileReference; lastKnownFileType = text.plist.xml; path = Info.plist; sourceTree = "<group>"; };
		229D213E2B67CE2700105C9D /* PromoKitTests.xctest */ = {isa = PBXFileReference; explicitFileType = wrapper.cfbundle; includeInIndex = 0; path = PromoKitTests.xctest; sourceTree = BUILT_PRODUCTS_DIR; };
		229D21422B67CE2700105C9D /* PromoKitTests.swift */ = {isa = PBXFileReference; lastKnownFileType = sourcecode.swift; path = PromoKitTests.swift; sourceTree = "<group>"; };
		229D21482B67CE2700105C9D /* PromoKitUITests.xctest */ = {isa = PBXFileReference; explicitFileType = wrapper.cfbundle; includeInIndex = 0; path = PromoKitUITests.xctest; sourceTree = BUILT_PRODUCTS_DIR; };
		229D214C2B67CE2700105C9D /* PromoKitUITests.swift */ = {isa = PBXFileReference; lastKnownFileType = sourcecode.swift; path = PromoKitUITests.swift; sourceTree = "<group>"; };
		229D214E2B67CE2700105C9D /* PromoKitUITestsLaunchTests.swift */ = {isa = PBXFileReference; lastKnownFileType = sourcecode.swift; path = PromoKitUITestsLaunchTests.swift; sourceTree = "<group>"; };
		229D215C2B67D5FA00105C9D /* PromoView.swift */ = {isa = PBXFileReference; lastKnownFileType = sourcecode.swift; path = PromoView.swift; sourceTree = "<group>"; };
		229D215E2B67D6E100105C9D /* PromoKit.podspec */ = {isa = PBXFileReference; fileEncoding = 4; lastKnownFileType = text; path = PromoKit.podspec; sourceTree = "<group>"; };
		229D21A42B79E23500105C9D /* PromoProvider.swift */ = {isa = PBXFileReference; lastKnownFileType = sourcecode.swift; path = PromoProvider.swift; sourceTree = "<group>"; };
		229D21A62B79E24000105C9D /* PromoContentView.swift */ = {isa = PBXFileReference; lastKnownFileType = sourcecode.swift; path = PromoContentView.swift; sourceTree = "<group>"; };
		229D21AA2B7A0DCD00105C9D /* PromoAppRaterProvider.swift */ = {isa = PBXFileReference; lastKnownFileType = sourcecode.swift; path = PromoAppRaterProvider.swift; sourceTree = "<group>"; };
		229D21AD2B7A11DB00105C9D /* PromoTableListContentView.swift */ = {isa = PBXFileReference; lastKnownFileType = sourcecode.swift; path = PromoTableListContentView.swift; sourceTree = "<group>"; };
		22A105AD2BBAC77900DB3A80 /* PromoPathMonitor.swift */ = {isa = PBXFileReference; lastKnownFileType = sourcecode.swift; path = PromoPathMonitor.swift; sourceTree = "<group>"; };
		22A105B02BBAE54C00DB3A80 /* PromoImageProcessing.swift */ = {isa = PBXFileReference; lastKnownFileType = sourcecode.swift; path = PromoImageProcessing.swift; sourceTree = "<group>"; };
		22B8DD322BAAAA3700C1F754 /* PromoNetworkTestProvider.swift */ = {isa = PBXFileReference; lastKnownFileType = sourcecode.swift; path = PromoNetworkTestProvider.swift; sourceTree = "<group>"; };
		22B8DD342BAE818B00C1F754 /* PromoContainerContentView.swift */ = {isa = PBXFileReference; lastKnownFileType = sourcecode.swift; path = PromoContainerContentView.swift; sourceTree = "<group>"; };
		22BF57EA2BD9368D0001A444 /* PromoBannerAdProvider.swift */ = {isa = PBXFileReference; lastKnownFileType = sourcecode.swift; path = PromoBannerAdProvider.swift; sourceTree = "<group>"; };
		22FD36162BA9DA7C0058B32A /* PromoProviderCoordinator.swift */ = {isa = PBXFileReference; lastKnownFileType = sourcecode.swift; path = PromoProviderCoordinator.swift; sourceTree = "<group>"; };
/* End PBXFileReference section */

/* Begin PBXFrameworksBuildPhase section */
		229D21252B67CE2600105C9D /* Frameworks */ = {
			isa = PBXFrameworksBuildPhase;
			buildActionMask = 2147483647;
			files = (
				22BF57E92BD80C340001A444 /* GoogleMobileAds in Frameworks */,
			);
			runOnlyForDeploymentPostprocessing = 0;
		};
		229D213B2B67CE2700105C9D /* Frameworks */ = {
			isa = PBXFrameworksBuildPhase;
			buildActionMask = 2147483647;
			files = (
			);
			runOnlyForDeploymentPostprocessing = 0;
		};
		229D21452B67CE2700105C9D /* Frameworks */ = {
			isa = PBXFrameworksBuildPhase;
			buildActionMask = 2147483647;
			files = (
			);
			runOnlyForDeploymentPostprocessing = 0;
		};
/* End PBXFrameworksBuildPhase section */

/* Begin PBXGroup section */
		229D211F2B67CE2600105C9D = {
			isa = PBXGroup;
			children = (
				229D215E2B67D6E100105C9D /* PromoKit.podspec */,
				229D215B2B67D5AB00105C9D /* PromoKit */,
				229D212A2B67CE2600105C9D /* PromoKitExample */,
				229D21412B67CE2700105C9D /* PromoKitTests */,
				229D214B2B67CE2700105C9D /* PromoKitUITests */,
				229D21292B67CE2600105C9D /* Products */,
			);
			sourceTree = "<group>";
		};
		229D21292B67CE2600105C9D /* Products */ = {
			isa = PBXGroup;
			children = (
				229D21282B67CE2600105C9D /* PromoKitExample.app */,
				229D213E2B67CE2700105C9D /* PromoKitTests.xctest */,
				229D21482B67CE2700105C9D /* PromoKitUITests.xctest */,
			);
			name = Products;
			sourceTree = "<group>";
		};
		229D212A2B67CE2600105C9D /* PromoKitExample */ = {
			isa = PBXGroup;
			children = (
				226EAA6F2C610B0C0039AE73 /* PromoKitExample.entitlements */,
				229D212B2B67CE2600105C9D /* AppDelegate.swift */,
				229D21312B67CE2600105C9D /* Main.storyboard */,
				229D212F2B67CE2600105C9D /* ViewController.swift */,
				229D21342B67CE2700105C9D /* Assets.xcassets */,
				229D21362B67CE2700105C9D /* LaunchScreen.storyboard */,
				229D21392B67CE2700105C9D /* Info.plist */,
			);
			path = PromoKitExample;
			sourceTree = "<group>";
		};
		229D21412B67CE2700105C9D /* PromoKitTests */ = {
			isa = PBXGroup;
			children = (
				229D21422B67CE2700105C9D /* PromoKitTests.swift */,
			);
			path = PromoKitTests;
			sourceTree = "<group>";
		};
		229D214B2B67CE2700105C9D /* PromoKitUITests */ = {
			isa = PBXGroup;
			children = (
				229D214C2B67CE2700105C9D /* PromoKitUITests.swift */,
				229D214E2B67CE2700105C9D /* PromoKitUITestsLaunchTests.swift */,
			);
			path = PromoKitUITests;
			sourceTree = "<group>";
		};
		229D215B2B67D5AB00105C9D /* PromoKit */ = {
			isa = PBXGroup;
			children = (
				229D215C2B67D5FA00105C9D /* PromoView.swift */,
				229D21A42B79E23500105C9D /* PromoProvider.swift */,
				229D21A62B79E24000105C9D /* PromoContentView.swift */,
				229D21AC2B7A11BF00105C9D /* ContentViews */,
				229D21A92B7A0DA600105C9D /* Providers */,
				22A105AF2BBAE50800DB3A80 /* Helpers */,
				22FD36152BA9DA4D0058B32A /* Internal */,
			);
			path = PromoKit;
			sourceTree = "<group>";
		};
		229D21A92B7A0DA600105C9D /* Providers */ = {
			isa = PBXGroup;
			children = (
				229D21AA2B7A0DCD00105C9D /* PromoAppRaterProvider.swift */,
				22BF57EA2BD9368D0001A444 /* PromoBannerAdProvider.swift */,
				223EABF22C14E3E3006DBB84 /* PromoCloudEventProvider.swift */,
				2257F6612BEB060D0058A2AE /* PromoNativeAdProvider.swift */,
				22B8DD322BAAAA3700C1F754 /* PromoNetworkTestProvider.swift */,
			);
			path = Providers;
			sourceTree = "<group>";
		};
		229D21AC2B7A11BF00105C9D /* ContentViews */ = {
			isa = PBXGroup;
			children = (
				22B8DD342BAE818B00C1F754 /* PromoContainerContentView.swift */,
				2257F6632BEB0C790058A2AE /* PromoNativeAdContentView.swift */,
				229D21AD2B7A11DB00105C9D /* PromoTableListContentView.swift */,
			);
			path = ContentViews;
			sourceTree = "<group>";
		};
		22A105AF2BBAE50800DB3A80 /* Helpers */ = {
			isa = PBXGroup;
			children = (
				226B902E2C720AC00072FD1C /* PromoCache.swift */,
				22A105B02BBAE54C00DB3A80 /* PromoImageProcessing.swift */,
				22642E922C85F80D00F006F4 /* PromoFileManager.swift */,
			);
			path = Helpers;
			sourceTree = "<group>";
		};
		22FD36152BA9DA4D0058B32A /* Internal */ = {
			isa = PBXGroup;
			children = (
				22A105AD2BBAC77900DB3A80 /* PromoPathMonitor.swift */,
				22FD36162BA9DA7C0058B32A /* PromoProviderCoordinator.swift */,
			);
			path = Internal;
			sourceTree = "<group>";
		};
/* End PBXGroup section */

/* Begin PBXNativeTarget section */
		229D21272B67CE2600105C9D /* PromoKitExample */ = {
			isa = PBXNativeTarget;
			buildConfigurationList = 229D21522B67CE2700105C9D /* Build configuration list for PBXNativeTarget "PromoKitExample" */;
			buildPhases = (
				229D21242B67CE2600105C9D /* Sources */,
				229D21252B67CE2600105C9D /* Frameworks */,
				229D21262B67CE2600105C9D /* Resources */,
			);
			buildRules = (
			);
			dependencies = (
			);
			name = PromoKitExample;
			packageProductDependencies = (
				22BF57E82BD80C340001A444 /* GoogleMobileAds */,
			);
			productName = PromoKit;
			productReference = 229D21282B67CE2600105C9D /* PromoKitExample.app */;
			productType = "com.apple.product-type.application";
		};
		229D213D2B67CE2700105C9D /* PromoKitTests */ = {
			isa = PBXNativeTarget;
			buildConfigurationList = 229D21552B67CE2700105C9D /* Build configuration list for PBXNativeTarget "PromoKitTests" */;
			buildPhases = (
				229D213A2B67CE2700105C9D /* Sources */,
				229D213B2B67CE2700105C9D /* Frameworks */,
				229D213C2B67CE2700105C9D /* Resources */,
			);
			buildRules = (
			);
			dependencies = (
				229D21402B67CE2700105C9D /* PBXTargetDependency */,
			);
			name = PromoKitTests;
			productName = PromoKitTests;
			productReference = 229D213E2B67CE2700105C9D /* PromoKitTests.xctest */;
			productType = "com.apple.product-type.bundle.unit-test";
		};
		229D21472B67CE2700105C9D /* PromoKitUITests */ = {
			isa = PBXNativeTarget;
			buildConfigurationList = 229D21582B67CE2700105C9D /* Build configuration list for PBXNativeTarget "PromoKitUITests" */;
			buildPhases = (
				229D21442B67CE2700105C9D /* Sources */,
				229D21452B67CE2700105C9D /* Frameworks */,
				229D21462B67CE2700105C9D /* Resources */,
			);
			buildRules = (
			);
			dependencies = (
				229D214A2B67CE2700105C9D /* PBXTargetDependency */,
			);
			name = PromoKitUITests;
			productName = PromoKitUITests;
			productReference = 229D21482B67CE2700105C9D /* PromoKitUITests.xctest */;
			productType = "com.apple.product-type.bundle.ui-testing";
		};
/* End PBXNativeTarget section */

/* Begin PBXProject section */
		229D21202B67CE2600105C9D /* Project object */ = {
			isa = PBXProject;
			attributes = {
				BuildIndependentTargetsInParallel = 1;
				LastSwiftUpdateCheck = 1520;
				LastUpgradeCheck = 1520;
				TargetAttributes = {
					229D21272B67CE2600105C9D = {
						CreatedOnToolsVersion = 15.2;
					};
					229D213D2B67CE2700105C9D = {
						CreatedOnToolsVersion = 15.2;
						TestTargetID = 229D21272B67CE2600105C9D;
					};
					229D21472B67CE2700105C9D = {
						CreatedOnToolsVersion = 15.2;
						TestTargetID = 229D21272B67CE2600105C9D;
					};
				};
			};
			buildConfigurationList = 229D21232B67CE2600105C9D /* Build configuration list for PBXProject "PromoKit" */;
			compatibilityVersion = "Xcode 14.0";
			developmentRegion = en;
			hasScannedForEncodings = 0;
			knownRegions = (
				en,
				Base,
			);
			mainGroup = 229D211F2B67CE2600105C9D;
			packageReferences = (
				22BF57E72BD80C340001A444 /* XCRemoteSwiftPackageReference "swift-package-manager-google-mobile-ads" */,
			);
			productRefGroup = 229D21292B67CE2600105C9D /* Products */;
			projectDirPath = "";
			projectRoot = "";
			targets = (
				229D21272B67CE2600105C9D /* PromoKitExample */,
				229D213D2B67CE2700105C9D /* PromoKitTests */,
				229D21472B67CE2700105C9D /* PromoKitUITests */,
			);
		};
/* End PBXProject section */

/* Begin PBXResourcesBuildPhase section */
		229D21262B67CE2600105C9D /* Resources */ = {
			isa = PBXResourcesBuildPhase;
			buildActionMask = 2147483647;
			files = (
				229D21382B67CE2700105C9D /* LaunchScreen.storyboard in Resources */,
				229D215F2B67D6E100105C9D /* PromoKit.podspec in Resources */,
				229D21352B67CE2700105C9D /* Assets.xcassets in Resources */,
				229D21332B67CE2600105C9D /* Main.storyboard in Resources */,
			);
			runOnlyForDeploymentPostprocessing = 0;
		};
		229D213C2B67CE2700105C9D /* Resources */ = {
			isa = PBXResourcesBuildPhase;
			buildActionMask = 2147483647;
			files = (
			);
			runOnlyForDeploymentPostprocessing = 0;
		};
		229D21462B67CE2700105C9D /* Resources */ = {
			isa = PBXResourcesBuildPhase;
			buildActionMask = 2147483647;
			files = (
			);
			runOnlyForDeploymentPostprocessing = 0;
		};
/* End PBXResourcesBuildPhase section */

/* Begin PBXSourcesBuildPhase section */
		229D21242B67CE2600105C9D /* Sources */ = {
			isa = PBXSourcesBuildPhase;
			buildActionMask = 2147483647;
			files = (
				22B8DD332BAAAA3700C1F754 /* PromoNetworkTestProvider.swift in Sources */,
				22642E932C85F81700F006F4 /* PromoFileManager.swift in Sources */,
				229D215D2B67D5FA00105C9D /* PromoView.swift in Sources */,
				229D21AE2B7A11DB00105C9D /* PromoTableListContentView.swift in Sources */,
				22B8DD352BAE818B00C1F754 /* PromoContainerContentView.swift in Sources */,
				2257F6642BEB0C790058A2AE /* PromoNativeAdContentView.swift in Sources */,
				229D21302B67CE2600105C9D /* ViewController.swift in Sources */,
				22A105B12BBAE54C00DB3A80 /* PromoImageProcessing.swift in Sources */,
				226B902F2C720AC00072FD1C /* PromoCache.swift in Sources */,
				22A105AE2BBAC77900DB3A80 /* PromoPathMonitor.swift in Sources */,
				223EABF32C14E3E3006DBB84 /* PromoCloudEventProvider.swift in Sources */,
				22BF57EB2BD9368D0001A444 /* PromoBannerAdProvider.swift in Sources */,
				229D21A52B79E23500105C9D /* PromoProvider.swift in Sources */,
				229D21AB2B7A0DCD00105C9D /* PromoAppRaterProvider.swift in Sources */,
				2257F6622BEB060D0058A2AE /* PromoNativeAdProvider.swift in Sources */,
				22FD36172BA9DA7C0058B32A /* PromoProviderCoordinator.swift in Sources */,
				229D21A72B79E24000105C9D /* PromoContentView.swift in Sources */,
				229D212C2B67CE2600105C9D /* AppDelegate.swift in Sources */,
			);
			runOnlyForDeploymentPostprocessing = 0;
		};
		229D213A2B67CE2700105C9D /* Sources */ = {
			isa = PBXSourcesBuildPhase;
			buildActionMask = 2147483647;
			files = (
				229D21432B67CE2700105C9D /* PromoKitTests.swift in Sources */,
			);
			runOnlyForDeploymentPostprocessing = 0;
		};
		229D21442B67CE2700105C9D /* Sources */ = {
			isa = PBXSourcesBuildPhase;
			buildActionMask = 2147483647;
			files = (
				229D214F2B67CE2700105C9D /* PromoKitUITestsLaunchTests.swift in Sources */,
				229D214D2B67CE2700105C9D /* PromoKitUITests.swift in Sources */,
			);
			runOnlyForDeploymentPostprocessing = 0;
		};
/* End PBXSourcesBuildPhase section */

/* Begin PBXTargetDependency section */
		229D21402B67CE2700105C9D /* PBXTargetDependency */ = {
			isa = PBXTargetDependency;
			target = 229D21272B67CE2600105C9D /* PromoKitExample */;
			targetProxy = 229D213F2B67CE2700105C9D /* PBXContainerItemProxy */;
		};
		229D214A2B67CE2700105C9D /* PBXTargetDependency */ = {
			isa = PBXTargetDependency;
			target = 229D21272B67CE2600105C9D /* PromoKitExample */;
			targetProxy = 229D21492B67CE2700105C9D /* PBXContainerItemProxy */;
		};
/* End PBXTargetDependency section */

/* Begin PBXVariantGroup section */
		229D21312B67CE2600105C9D /* Main.storyboard */ = {
			isa = PBXVariantGroup;
			children = (
				229D21322B67CE2600105C9D /* Base */,
			);
			name = Main.storyboard;
			sourceTree = "<group>";
		};
		229D21362B67CE2700105C9D /* LaunchScreen.storyboard */ = {
			isa = PBXVariantGroup;
			children = (
				229D21372B67CE2700105C9D /* Base */,
			);
			name = LaunchScreen.storyboard;
			sourceTree = "<group>";
		};
/* End PBXVariantGroup section */

/* Begin XCBuildConfiguration section */
		229D21502B67CE2700105C9D /* Debug */ = {
			isa = XCBuildConfiguration;
			buildSettings = {
				ALWAYS_SEARCH_USER_PATHS = NO;
				ASSETCATALOG_COMPILER_GENERATE_SWIFT_ASSET_SYMBOL_EXTENSIONS = YES;
				CLANG_ANALYZER_NONNULL = YES;
				CLANG_ANALYZER_NUMBER_OBJECT_CONVERSION = YES_AGGRESSIVE;
				CLANG_CXX_LANGUAGE_STANDARD = "gnu++20";
				CLANG_ENABLE_MODULES = YES;
				CLANG_ENABLE_OBJC_ARC = YES;
				CLANG_ENABLE_OBJC_WEAK = YES;
				CLANG_WARN_BLOCK_CAPTURE_AUTORELEASING = YES;
				CLANG_WARN_BOOL_CONVERSION = YES;
				CLANG_WARN_COMMA = YES;
				CLANG_WARN_CONSTANT_CONVERSION = YES;
				CLANG_WARN_DEPRECATED_OBJC_IMPLEMENTATIONS = YES;
				CLANG_WARN_DIRECT_OBJC_ISA_USAGE = YES_ERROR;
				CLANG_WARN_DOCUMENTATION_COMMENTS = YES;
				CLANG_WARN_EMPTY_BODY = YES;
				CLANG_WARN_ENUM_CONVERSION = YES;
				CLANG_WARN_INFINITE_RECURSION = YES;
				CLANG_WARN_INT_CONVERSION = YES;
				CLANG_WARN_NON_LITERAL_NULL_CONVERSION = YES;
				CLANG_WARN_OBJC_IMPLICIT_RETAIN_SELF = YES;
				CLANG_WARN_OBJC_LITERAL_CONVERSION = YES;
				CLANG_WARN_OBJC_ROOT_CLASS = YES_ERROR;
				CLANG_WARN_QUOTED_INCLUDE_IN_FRAMEWORK_HEADER = YES;
				CLANG_WARN_RANGE_LOOP_ANALYSIS = YES;
				CLANG_WARN_STRICT_PROTOTYPES = YES;
				CLANG_WARN_SUSPICIOUS_MOVE = YES;
				CLANG_WARN_UNGUARDED_AVAILABILITY = YES_AGGRESSIVE;
				CLANG_WARN_UNREACHABLE_CODE = YES;
				CLANG_WARN__DUPLICATE_METHOD_MATCH = YES;
				COPY_PHASE_STRIP = NO;
				DEBUG_INFORMATION_FORMAT = dwarf;
				ENABLE_STRICT_OBJC_MSGSEND = YES;
				ENABLE_TESTABILITY = YES;
				ENABLE_USER_SCRIPT_SANDBOXING = YES;
				GCC_C_LANGUAGE_STANDARD = gnu17;
				GCC_DYNAMIC_NO_PIC = NO;
				GCC_NO_COMMON_BLOCKS = YES;
				GCC_OPTIMIZATION_LEVEL = 0;
				GCC_PREPROCESSOR_DEFINITIONS = (
					"DEBUG=1",
					"$(inherited)",
				);
				GCC_WARN_64_TO_32_BIT_CONVERSION = YES;
				GCC_WARN_ABOUT_RETURN_TYPE = YES_ERROR;
				GCC_WARN_UNDECLARED_SELECTOR = YES;
				GCC_WARN_UNINITIALIZED_AUTOS = YES_AGGRESSIVE;
				GCC_WARN_UNUSED_FUNCTION = YES;
				GCC_WARN_UNUSED_VARIABLE = YES;
				IPHONEOS_DEPLOYMENT_TARGET = 17.2;
				LOCALIZATION_PREFERS_STRING_CATALOGS = YES;
				MTL_ENABLE_DEBUG_INFO = INCLUDE_SOURCE;
				MTL_FAST_MATH = YES;
				ONLY_ACTIVE_ARCH = YES;
				SDKROOT = iphoneos;
				SWIFT_ACTIVE_COMPILATION_CONDITIONS = "DEBUG $(inherited)";
				SWIFT_OPTIMIZATION_LEVEL = "-Onone";
			};
			name = Debug;
		};
		229D21512B67CE2700105C9D /* Release */ = {
			isa = XCBuildConfiguration;
			buildSettings = {
				ALWAYS_SEARCH_USER_PATHS = NO;
				ASSETCATALOG_COMPILER_GENERATE_SWIFT_ASSET_SYMBOL_EXTENSIONS = YES;
				CLANG_ANALYZER_NONNULL = YES;
				CLANG_ANALYZER_NUMBER_OBJECT_CONVERSION = YES_AGGRESSIVE;
				CLANG_CXX_LANGUAGE_STANDARD = "gnu++20";
				CLANG_ENABLE_MODULES = YES;
				CLANG_ENABLE_OBJC_ARC = YES;
				CLANG_ENABLE_OBJC_WEAK = YES;
				CLANG_WARN_BLOCK_CAPTURE_AUTORELEASING = YES;
				CLANG_WARN_BOOL_CONVERSION = YES;
				CLANG_WARN_COMMA = YES;
				CLANG_WARN_CONSTANT_CONVERSION = YES;
				CLANG_WARN_DEPRECATED_OBJC_IMPLEMENTATIONS = YES;
				CLANG_WARN_DIRECT_OBJC_ISA_USAGE = YES_ERROR;
				CLANG_WARN_DOCUMENTATION_COMMENTS = YES;
				CLANG_WARN_EMPTY_BODY = YES;
				CLANG_WARN_ENUM_CONVERSION = YES;
				CLANG_WARN_INFINITE_RECURSION = YES;
				CLANG_WARN_INT_CONVERSION = YES;
				CLANG_WARN_NON_LITERAL_NULL_CONVERSION = YES;
				CLANG_WARN_OBJC_IMPLICIT_RETAIN_SELF = YES;
				CLANG_WARN_OBJC_LITERAL_CONVERSION = YES;
				CLANG_WARN_OBJC_ROOT_CLASS = YES_ERROR;
				CLANG_WARN_QUOTED_INCLUDE_IN_FRAMEWORK_HEADER = YES;
				CLANG_WARN_RANGE_LOOP_ANALYSIS = YES;
				CLANG_WARN_STRICT_PROTOTYPES = YES;
				CLANG_WARN_SUSPICIOUS_MOVE = YES;
				CLANG_WARN_UNGUARDED_AVAILABILITY = YES_AGGRESSIVE;
				CLANG_WARN_UNREACHABLE_CODE = YES;
				CLANG_WARN__DUPLICATE_METHOD_MATCH = YES;
				COPY_PHASE_STRIP = NO;
				DEBUG_INFORMATION_FORMAT = "dwarf-with-dsym";
				ENABLE_NS_ASSERTIONS = NO;
				ENABLE_STRICT_OBJC_MSGSEND = YES;
				ENABLE_USER_SCRIPT_SANDBOXING = YES;
				GCC_C_LANGUAGE_STANDARD = gnu17;
				GCC_NO_COMMON_BLOCKS = YES;
				GCC_WARN_64_TO_32_BIT_CONVERSION = YES;
				GCC_WARN_ABOUT_RETURN_TYPE = YES_ERROR;
				GCC_WARN_UNDECLARED_SELECTOR = YES;
				GCC_WARN_UNINITIALIZED_AUTOS = YES_AGGRESSIVE;
				GCC_WARN_UNUSED_FUNCTION = YES;
				GCC_WARN_UNUSED_VARIABLE = YES;
				IPHONEOS_DEPLOYMENT_TARGET = 17.2;
				LOCALIZATION_PREFERS_STRING_CATALOGS = YES;
				MTL_ENABLE_DEBUG_INFO = NO;
				MTL_FAST_MATH = YES;
				SDKROOT = iphoneos;
				SWIFT_COMPILATION_MODE = wholemodule;
				VALIDATE_PRODUCT = YES;
			};
			name = Release;
		};
		229D21532B67CE2700105C9D /* Debug */ = {
			isa = XCBuildConfiguration;
			buildSettings = {
				ASSETCATALOG_COMPILER_APPICON_NAME = AppIcon;
				ASSETCATALOG_COMPILER_GLOBAL_ACCENT_COLOR_NAME = AccentColor;
				CODE_SIGN_ENTITLEMENTS = PromoKitExample/PromoKitExample.entitlements;
				CODE_SIGN_IDENTITY = "Apple Development";
				CODE_SIGN_STYLE = Automatic;
				CURRENT_PROJECT_VERSION = 1;
				DEVELOPMENT_TEAM = 6LF3GMKZAB;
				GENERATE_INFOPLIST_FILE = YES;
				INFOPLIST_FILE = PromoKitExample/Info.plist;
				INFOPLIST_KEY_UIApplicationSupportsIndirectInputEvents = YES;
				INFOPLIST_KEY_UILaunchStoryboardName = LaunchScreen;
				INFOPLIST_KEY_UIMainStoryboardFile = Main;
				INFOPLIST_KEY_UISupportedInterfaceOrientations_iPad = "UIInterfaceOrientationPortrait UIInterfaceOrientationPortraitUpsideDown UIInterfaceOrientationLandscapeLeft UIInterfaceOrientationLandscapeRight";
				INFOPLIST_KEY_UISupportedInterfaceOrientations_iPhone = "UIInterfaceOrientationPortrait UIInterfaceOrientationLandscapeLeft UIInterfaceOrientationLandscapeRight";
				IPHONEOS_DEPLOYMENT_TARGET = 12.0;
				LD_RUNPATH_SEARCH_PATHS = (
					"$(inherited)",
					"@executable_path/Frameworks",
				);
				MARKETING_VERSION = 1.0;
				PRODUCT_BUNDLE_IDENTIFIER = dev.tim.PromoKit;
				PRODUCT_NAME = "$(TARGET_NAME)";
				PROVISIONING_PROFILE_SPECIFIER = "";
				SUPPORTED_PLATFORMS = "iphoneos iphonesimulator xros xrsimulator";
				SUPPORTS_MACCATALYST = NO;
				SUPPORTS_XR_DESIGNED_FOR_IPHONE_IPAD = NO;
				SWIFT_EMIT_LOC_STRINGS = YES;
				SWIFT_VERSION = 5.0;
				TARGETED_DEVICE_FAMILY = "1,2,7";
			};
			name = Debug;
		};
		229D21542B67CE2700105C9D /* Release */ = {
			isa = XCBuildConfiguration;
			buildSettings = {
				ASSETCATALOG_COMPILER_APPICON_NAME = AppIcon;
				ASSETCATALOG_COMPILER_GLOBAL_ACCENT_COLOR_NAME = AccentColor;
				CODE_SIGN_ENTITLEMENTS = PromoKitExample/PromoKitExample.entitlements;
				CODE_SIGN_IDENTITY = "Apple Development";
				CODE_SIGN_STYLE = Automatic;
				CURRENT_PROJECT_VERSION = 1;
				DEVELOPMENT_TEAM = 6LF3GMKZAB;
				GENERATE_INFOPLIST_FILE = YES;
				INFOPLIST_FILE = PromoKitExample/Info.plist;
				INFOPLIST_KEY_UIApplicationSupportsIndirectInputEvents = YES;
				INFOPLIST_KEY_UILaunchStoryboardName = LaunchScreen;
				INFOPLIST_KEY_UIMainStoryboardFile = Main;
				INFOPLIST_KEY_UISupportedInterfaceOrientations_iPad = "UIInterfaceOrientationPortrait UIInterfaceOrientationPortraitUpsideDown UIInterfaceOrientationLandscapeLeft UIInterfaceOrientationLandscapeRight";
				INFOPLIST_KEY_UISupportedInterfaceOrientations_iPhone = "UIInterfaceOrientationPortrait UIInterfaceOrientationLandscapeLeft UIInterfaceOrientationLandscapeRight";
				IPHONEOS_DEPLOYMENT_TARGET = 12.0;
				LD_RUNPATH_SEARCH_PATHS = (
					"$(inherited)",
					"@executable_path/Frameworks",
				);
				MARKETING_VERSION = 1.0;
				PRODUCT_BUNDLE_IDENTIFIER = dev.tim.PromoKit;
				PRODUCT_NAME = "$(TARGET_NAME)";
				PROVISIONING_PROFILE_SPECIFIER = "";
				SUPPORTED_PLATFORMS = "iphoneos iphonesimulator xros xrsimulator";
				SUPPORTS_MACCATALYST = NO;
				SUPPORTS_XR_DESIGNED_FOR_IPHONE_IPAD = NO;
				SWIFT_EMIT_LOC_STRINGS = YES;
				SWIFT_VERSION = 5.0;
				TARGETED_DEVICE_FAMILY = "1,2,7";
			};
			name = Release;
		};
		229D21562B67CE2700105C9D /* Debug */ = {
			isa = XCBuildConfiguration;
			buildSettings = {
				ALWAYS_EMBED_SWIFT_STANDARD_LIBRARIES = YES;
				BUNDLE_LOADER = "$(TEST_HOST)";
				CODE_SIGN_STYLE = Automatic;
				CURRENT_PROJECT_VERSION = 1;
				DEVELOPMENT_TEAM = 6LF3GMKZAB;
				GENERATE_INFOPLIST_FILE = YES;
				IPHONEOS_DEPLOYMENT_TARGET = 17.2;
				MARKETING_VERSION = 1.0;
				PRODUCT_BUNDLE_IDENTIFIER = dev.tim.PromoKitTests;
				PRODUCT_NAME = "$(TARGET_NAME)";
				SWIFT_EMIT_LOC_STRINGS = NO;
				SWIFT_VERSION = 5.0;
				TARGETED_DEVICE_FAMILY = "1,2";
				TEST_HOST = "$(BUILT_PRODUCTS_DIR)/PromoKit.app/$(BUNDLE_EXECUTABLE_FOLDER_PATH)/PromoKit";
			};
			name = Debug;
		};
		229D21572B67CE2700105C9D /* Release */ = {
			isa = XCBuildConfiguration;
			buildSettings = {
				ALWAYS_EMBED_SWIFT_STANDARD_LIBRARIES = YES;
				BUNDLE_LOADER = "$(TEST_HOST)";
				CODE_SIGN_STYLE = Automatic;
				CURRENT_PROJECT_VERSION = 1;
				DEVELOPMENT_TEAM = 6LF3GMKZAB;
				GENERATE_INFOPLIST_FILE = YES;
				IPHONEOS_DEPLOYMENT_TARGET = 17.2;
				MARKETING_VERSION = 1.0;
				PRODUCT_BUNDLE_IDENTIFIER = dev.tim.PromoKitTests;
				PRODUCT_NAME = "$(TARGET_NAME)";
				SWIFT_EMIT_LOC_STRINGS = NO;
				SWIFT_VERSION = 5.0;
				TARGETED_DEVICE_FAMILY = "1,2";
				TEST_HOST = "$(BUILT_PRODUCTS_DIR)/PromoKit.app/$(BUNDLE_EXECUTABLE_FOLDER_PATH)/PromoKit";
			};
			name = Release;
		};
		229D21592B67CE2700105C9D /* Debug */ = {
			isa = XCBuildConfiguration;
			buildSettings = {
				ALWAYS_EMBED_SWIFT_STANDARD_LIBRARIES = YES;
				CODE_SIGN_STYLE = Automatic;
				CURRENT_PROJECT_VERSION = 1;
				DEVELOPMENT_TEAM = 6LF3GMKZAB;
				GENERATE_INFOPLIST_FILE = YES;
				MARKETING_VERSION = 1.0;
				PRODUCT_BUNDLE_IDENTIFIER = dev.tim.PromoKitUITests;
				PRODUCT_NAME = "$(TARGET_NAME)";
				SWIFT_EMIT_LOC_STRINGS = NO;
				SWIFT_VERSION = 5.0;
				TARGETED_DEVICE_FAMILY = "1,2";
				TEST_TARGET_NAME = PromoKit;
			};
			name = Debug;
		};
		229D215A2B67CE2700105C9D /* Release */ = {
			isa = XCBuildConfiguration;
			buildSettings = {
				ALWAYS_EMBED_SWIFT_STANDARD_LIBRARIES = YES;
				CODE_SIGN_STYLE = Automatic;
				CURRENT_PROJECT_VERSION = 1;
				DEVELOPMENT_TEAM = 6LF3GMKZAB;
				GENERATE_INFOPLIST_FILE = YES;
				MARKETING_VERSION = 1.0;
				PRODUCT_BUNDLE_IDENTIFIER = dev.tim.PromoKitUITests;
				PRODUCT_NAME = "$(TARGET_NAME)";
				SWIFT_EMIT_LOC_STRINGS = NO;
				SWIFT_VERSION = 5.0;
				TARGETED_DEVICE_FAMILY = "1,2";
				TEST_TARGET_NAME = PromoKit;
			};
			name = Release;
		};
/* End XCBuildConfiguration section */

/* Begin XCConfigurationList section */
		229D21232B67CE2600105C9D /* Build configuration list for PBXProject "PromoKit" */ = {
			isa = XCConfigurationList;
			buildConfigurations = (
				229D21502B67CE2700105C9D /* Debug */,
				229D21512B67CE2700105C9D /* Release */,
			);
			defaultConfigurationIsVisible = 0;
			defaultConfigurationName = Release;
		};
		229D21522B67CE2700105C9D /* Build configuration list for PBXNativeTarget "PromoKitExample" */ = {
			isa = XCConfigurationList;
			buildConfigurations = (
				229D21532B67CE2700105C9D /* Debug */,
				229D21542B67CE2700105C9D /* Release */,
			);
			defaultConfigurationIsVisible = 0;
			defaultConfigurationName = Release;
		};
		229D21552B67CE2700105C9D /* Build configuration list for PBXNativeTarget "PromoKitTests" */ = {
			isa = XCConfigurationList;
			buildConfigurations = (
				229D21562B67CE2700105C9D /* Debug */,
				229D21572B67CE2700105C9D /* Release */,
			);
			defaultConfigurationIsVisible = 0;
			defaultConfigurationName = Release;
		};
		229D21582B67CE2700105C9D /* Build configuration list for PBXNativeTarget "PromoKitUITests" */ = {
			isa = XCConfigurationList;
			buildConfigurations = (
				229D21592B67CE2700105C9D /* Debug */,
				229D215A2B67CE2700105C9D /* Release */,
			);
			defaultConfigurationIsVisible = 0;
			defaultConfigurationName = Release;
		};
/* End XCConfigurationList section */

/* Begin XCRemoteSwiftPackageReference section */
		22BF57E72BD80C340001A444 /* XCRemoteSwiftPackageReference "swift-package-manager-google-mobile-ads" */ = {
			isa = XCRemoteSwiftPackageReference;
			repositoryURL = "https://github.com/googleads/swift-package-manager-google-mobile-ads.git";
			requirement = {
				kind = upToNextMajorVersion;
				minimumVersion = 11.3.0;
			};
		};
/* End XCRemoteSwiftPackageReference section */

/* Begin XCSwiftPackageProductDependency section */
		22BF57E82BD80C340001A444 /* GoogleMobileAds */ = {
			isa = XCSwiftPackageProductDependency;
			package = 22BF57E72BD80C340001A444 /* XCRemoteSwiftPackageReference "swift-package-manager-google-mobile-ads" */;
			productName = GoogleMobileAds;
		};
/* End XCSwiftPackageProductDependency section */
	};
	rootObject = 229D21202B67CE2600105C9D /* Project object */;
}
